
Microsoft Visual Studio Solution File, Format Version 12.00
# Visual Studio Version 16
VisualStudioVersion = 16.0.31829.152
MinimumVisualStudioVersion = 10.0.40219.1
Project("{9A19103F-16F7-4668-BE54-9A1E7A4F7556}") = "StorageSystem", "StorageSystem\StorageSystem.csproj", "{A59DD2A0-71E9-4371-85F4-2FDD0EE1D622}"
EndProject
Global
	GlobalSection(SolutionConfigurationPlatforms) = preSolution
		Debug|Any CPU = Debug|Any CPU
		Release|Any CPU = Release|Any CPU
	EndGlobalSection
	GlobalSection(ProjectConfigurationPlatforms) = postSolution
		{A59DD2A0-71E9-4371-85F4-2FDD0EE1D622}.Debug|Any CPU.ActiveCfg = Debug|Any CPU
		{A59DD2A0-71E9-4371-85F4-2FDD0EE1D622}.Debug|Any CPU.Build.0 = Debug|Any CPU
		{A59DD2A0-71E9-4371-85F4-2FDD0EE1D622}.Release|Any CPU.ActiveCfg = Release|Any CPU
		{A59DD2A0-71E9-4371-85F4-2FDD0EE1D622}.Release|Any CPU.Build.0 = Release|Any CPU
	EndGlobalSection
	GlobalSection(SolutionProperties) = preSolution
		HideSolutionNode = FALSE
	EndGlobalSection
	GlobalSection(ExtensibilityGlobals) = postSolution
		SolutionGuid = {D08FEEC7-A0C8-46A4-B8F6-C65D08C8D7D1}
	EndGlobalSection
EndGlobal
